
Microsoft Visual Studio Solution File, Format Version 12.00
# Visual Studio Version 17
VisualStudioVersion = 17.1.32210.238
MinimumVisualStudioVersion = 10.0.40219.1
Project("{8BC9CEB8-8B4A-11D0-8D11-00A0C91BC942}") = "libfcache", "libfcache\libfcache.vcxproj", "{9F41FA10-75F0-42FC-9FB5-574C46C2ED96}"
EndProject
Project("{8BC9CEB8-8B4A-11D0-8D11-00A0C91BC942}") = "pyscca", "pyscca\pyscca.vcxproj", "{60F2DC91-6A8F-49BB-8F3F-0273D383D09A}"
EndProject
Project("{8BC9CEB8-8B4A-11D0-8D11-00A0C91BC942}") = "scca_test_compressed_block", "scca_test_compressed_block\scca_test_compressed_block.vcxproj", "{E34D931F-9CB2-4B7C-89F1-473E7C6F0309}"
EndProject
Project("{8BC9CEB8-8B4A-11D0-8D11-00A0C91BC942}") = "scca_test_error", "scca_test_error\scca_test_error.vcxproj", "{813BDC3C-5899-4584-BF50-E2A275324F92}"
EndProject
Project("{8BC9CEB8-8B4A-11D0-8D11-00A0C91BC942}") = "scca_test_file", "scca_test_file\scca_test_file.vcxproj", "{276E5820-3F86-491B-A7AC-E55034171459}"
EndProject
Project("{8BC9CEB8-8B4A-11D0-8D11-00A0C91BC942}") = "scca_test_file_information", "scca_test_file_information\scca_test_file_information.vcxproj", "{957D5898-63AC-44C4-951F-E3899B8ED449}"
EndProject
Project("{8BC9CEB8-8B4A-11D0-8D11-00A0C91BC942}") = "scca_test_file_metrics", "scca_test_file_metrics\scca_test_file_metrics.vcxproj", "{C5F79FB9-17AA-45A6-B779-3DB14BE46AA8}"
EndProject
Project("{8BC9CEB8-8B4A-11D0-8D11-00A0C91BC942}") = "scca_test_filename_strings", "scca_test_filename_strings\scca_test_filename_strings.vcxproj", "{A1401D9F-55A8-4F8B-A79E-969322F90474}"
EndProject
Project("{8BC9CEB8-8B4A-11D0-8D11-00A0C91BC942}") = "scca_test_io_handle", "scca_test_io_handle\scca_test_io_handle.vcxproj", "{B7EB8B08-E339-4E0B-8063-149586A91F3C}"
EndProject
Project("{8BC9CEB8-8B4A-11D0-8D11-00A0C91BC942}") = "scca_test_notify", "scca_test_notify\scca_test_notify.vcxproj", "{42ECBB04-A2ED-4E50-B2DF-ED488EC60EDA}"
EndProject
Project("{8BC9CEB8-8B4A-11D0-8D11-00A0C91BC942}") = "scca_test_support", "scca_test_support\scca_test_support.vcxproj", "{9C5E1120-FA59-4401-822E-A3EFE7D8A983}"
EndProject
Project("{8BC9CEB8-8B4A-11D0-8D11-00A0C91BC942}") = "scca_test_volume_information", "scca_test_volume_information\scca_test_volume_information.vcxproj", "{3733B7DA-7F9D-43FF-8647-71435EA097D6}"
EndProject
Project("{8BC9CEB8-8B4A-11D0-8D11-00A0C91BC942}") = "libclocale", "libclocale\libclocale.vcxproj", "{725C9987-A1CE-404B-836F-4DDCDBFDEA2A}"
EndProject
Project("{8BC9CEB8-8B4A-11D0-8D11-00A0C91BC942}") = "sccainfo", "sccainfo\sccainfo.vcxproj", "{A7545354-5D50-49F6-A3D0-1F97F6228955}"
EndProject
Project("{8BC9CEB8-8B4A-11D0-8D11-00A0C91BC942}") = "libbfio", "libbfio\libbfio.vcxproj", "{41CFAFBF-A1C8-4704-AFEF-31979E6452B9}"
EndProject
Project("{8BC9CEB8-8B4A-11D0-8D11-00A0C91BC942}") = "libfdatetime", "libfdatetime\libfdatetime.vcxproj", "{25C60507-39C6-4564-912D-DA2E7482A00F}"
EndProject
Project("{8BC9CEB8-8B4A-11D0-8D11-00A0C91BC942}") = "libcfile", "libcfile\libcfile.vcxproj", "{55281F65-00D9-4164-9819-9204543E34C5}"
EndProject
Project("{8BC9CEB8-8B4A-11D0-8D11-00A0C91BC942}") = "libfwnt", "libfwnt\libfwnt.vcxproj", "{B422663F-CB26-4AFA-8E31-B636A2625F29}"
EndProject
Project("{8BC9CEB8-8B4A-11D0-8D11-00A0C91BC942}") = "libcthreads", "libcthreads\libcthreads.vcxproj", "{E4F8DC53-5122-4633-AA07-A49493AA7D61}"
EndProject
Project("{8BC9CEB8-8B4A-11D0-8D11-00A0C91BC942}") = "libcpath", "libcpath\libcpath.vcxproj", "{73ACE0EA-1776-46E6-98F2-CAC8F19E83AA}"
EndProject
Project("{8BC9CEB8-8B4A-11D0-8D11-00A0C91BC942}") = "libuna", "libuna\libuna.vcxproj", "{BC27FF34-C859-4A1A-95D6-FC89952E1910}"
EndProject
Project("{8BC9CEB8-8B4A-11D0-8D11-00A0C91BC942}") = "libfvalue", "libfvalue\libfvalue.vcxproj", "{85005D62-6AA7-4D8A-86CB-4061B23D7C6C}"
EndProject
Project("{8BC9CEB8-8B4A-11D0-8D11-00A0C91BC942}") = "libcerror", "libcerror\libcerror.vcxproj", "{91864B8A-C810-4BF9-BD7D-902484E218C6}"
EndProject
Project("{8BC9CEB8-8B4A-11D0-8D11-00A0C91BC942}") = "libcnotify", "libcnotify\libcnotify.vcxproj", "{2BEFE56F-E06E-4657-A1F0-DF7826063475}"
EndProject
Project("{8BC9CEB8-8B4A-11D0-8D11-00A0C91BC942}") = "libscca", "libscca\libscca.vcxproj", "{0480F2C1-4643-4798-8F3E-00F843A89490}"
EndProject
Project("{8BC9CEB8-8B4A-11D0-8D11-00A0C91BC942}") = "libfdata", "libfdata\libfdata.vcxproj", "{4754374D-9652-4C65-AA85-17AB3D7753E1}"
EndProject
Project("{8BC9CEB8-8B4A-11D0-8D11-00A0C91BC942}") = "libcdata", "libcdata\libcdata.vcxproj", "{6361B4FA-0453-4328-975A-3D4B1AE06D23}"
EndProject
Project("{8BC9CEB8-8B4A-11D0-8D11-00A0C91BC942}") = "libcsplit", "libcsplit\libcsplit.vcxproj", "{54B1C6A5-3435-4034-A293-CB8ADFB9D713}"
EndProject
Global
	GlobalSection(SolutionConfigurationPlatforms) = preSolution
		Release|Win32 = Release|Win32
		Release|x64 = Release|x64
		VSDebug|Win32 = VSDebug|Win32
		VSDebug|x64 = VSDebug|x64
	EndGlobalSection
	GlobalSection(ProjectConfigurationPlatforms) = postSolution
		{9F41FA10-75F0-42FC-9FB5-574C46C2ED96}.Release|Win32.ActiveCfg = Release|Win32
		{9F41FA10-75F0-42FC-9FB5-574C46C2ED96}.Release|Win32.Build.0 = Release|Win32
		{9F41FA10-75F0-42FC-9FB5-574C46C2ED96}.Release|x64.ActiveCfg = Release|x64
		{9F41FA10-75F0-42FC-9FB5-574C46C2ED96}.Release|x64.Build.0 = Release|x64
		{9F41FA10-75F0-42FC-9FB5-574C46C2ED96}.VSDebug|Win32.ActiveCfg = VSDebug|Win32
		{9F41FA10-75F0-42FC-9FB5-574C46C2ED96}.VSDebug|Win32.Build.0 = VSDebug|Win32
		{9F41FA10-75F0-42FC-9FB5-574C46C2ED96}.VSDebug|x64.ActiveCfg = VSDebug|x64
		{9F41FA10-75F0-42FC-9FB5-574C46C2ED96}.VSDebug|x64.Build.0 = VSDebug|x64
		{60F2DC91-6A8F-49BB-8F3F-0273D383D09A}.Release|Win32.ActiveCfg = Release|Win32
		{60F2DC91-6A8F-49BB-8F3F-0273D383D09A}.Release|Win32.Build.0 = Release|Win32
		{60F2DC91-6A8F-49BB-8F3F-0273D383D09A}.Release|x64.ActiveCfg = Release|x64
		{60F2DC91-6A8F-49BB-8F3F-0273D383D09A}.Release|x64.Build.0 = Release|x64
		{60F2DC91-6A8F-49BB-8F3F-0273D383D09A}.VSDebug|Win32.ActiveCfg = VSDebug|Win32
		{60F2DC91-6A8F-49BB-8F3F-0273D383D09A}.VSDebug|Win32.Build.0 = VSDebug|Win32
		{60F2DC91-6A8F-49BB-8F3F-0273D383D09A}.VSDebug|x64.ActiveCfg = VSDebug|x64
		{60F2DC91-6A8F-49BB-8F3F-0273D383D09A}.VSDebug|x64.Build.0 = VSDebug|x64
		{E34D931F-9CB2-4B7C-89F1-473E7C6F0309}.Release|Win32.ActiveCfg = Release|Win32
		{E34D931F-9CB2-4B7C-89F1-473E7C6F0309}.Release|Win32.Build.0 = Release|Win32
		{E34D931F-9CB2-4B7C-89F1-473E7C6F0309}.Release|x64.ActiveCfg = Release|x64
		{E34D931F-9CB2-4B7C-89F1-473E7C6F0309}.Release|x64.Build.0 = Release|x64
		{E34D931F-9CB2-4B7C-89F1-473E7C6F0309}.VSDebug|Win32.ActiveCfg = VSDebug|Win32
		{E34D931F-9CB2-4B7C-89F1-473E7C6F0309}.VSDebug|Win32.Build.0 = VSDebug|Win32
		{E34D931F-9CB2-4B7C-89F1-473E7C6F0309}.VSDebug|x64.ActiveCfg = VSDebug|x64
		{E34D931F-9CB2-4B7C-89F1-473E7C6F0309}.VSDebug|x64.Build.0 = VSDebug|x64
		{813BDC3C-5899-4584-BF50-E2A275324F92}.Release|Win32.ActiveCfg = Release|Win32
		{813BDC3C-5899-4584-BF50-E2A275324F92}.Release|Win32.Build.0 = Release|Win32
		{813BDC3C-5899-4584-BF50-E2A275324F92}.Release|x64.ActiveCfg = Release|x64
		{813BDC3C-5899-4584-BF50-E2A275324F92}.Release|x64.Build.0 = Release|x64
		{813BDC3C-5899-4584-BF50-E2A275324F92}.VSDebug|Win32.ActiveCfg = VSDebug|Win32
		{813BDC3C-5899-4584-BF50-E2A275324F92}.VSDebug|Win32.Build.0 = VSDebug|Win32
		{813BDC3C-5899-4584-BF50-E2A275324F92}.VSDebug|x64.ActiveCfg = VSDebug|x64
		{813BDC3C-5899-4584-BF50-E2A275324F92}.VSDebug|x64.Build.0 = VSDebug|x64
		{276E5820-3F86-491B-A7AC-E55034171459}.Release|Win32.ActiveCfg = Release|Win32
		{276E5820-3F86-491B-A7AC-E55034171459}.Release|Win32.Build.0 = Release|Win32
		{276E5820-3F86-491B-A7AC-E55034171459}.Release|x64.ActiveCfg = Release|x64
		{276E5820-3F86-491B-A7AC-E55034171459}.Release|x64.Build.0 = Release|x64
		{276E5820-3F86-491B-A7AC-E55034171459}.VSDebug|Win32.ActiveCfg = VSDebug|Win32
		{276E5820-3F86-491B-A7AC-E55034171459}.VSDebug|Win32.Build.0 = VSDebug|Win32
		{276E5820-3F86-491B-A7AC-E55034171459}.VSDebug|x64.ActiveCfg = VSDebug|x64
		{276E5820-3F86-491B-A7AC-E55034171459}.VSDebug|x64.Build.0 = VSDebug|x64
		{957D5898-63AC-44C4-951F-E3899B8ED449}.Release|Win32.ActiveCfg = Release|Win32
		{957D5898-63AC-44C4-951F-E3899B8ED449}.Release|Win32.Build.0 = Release|Win32
		{957D5898-63AC-44C4-951F-E3899B8ED449}.Release|x64.ActiveCfg = Release|x64
		{957D5898-63AC-44C4-951F-E3899B8ED449}.Release|x64.Build.0 = Release|x64
		{957D5898-63AC-44C4-951F-E3899B8ED449}.VSDebug|Win32.ActiveCfg = VSDebug|Win32
		{957D5898-63AC-44C4-951F-E3899B8ED449}.VSDebug|Win32.Build.0 = VSDebug|Win32
		{957D5898-63AC-44C4-951F-E3899B8ED449}.VSDebug|x64.ActiveCfg = VSDebug|x64
		{957D5898-63AC-44C4-951F-E3899B8ED449}.VSDebug|x64.Build.0 = VSDebug|x64
		{C5F79FB9-17AA-45A6-B779-3DB14BE46AA8}.Release|Win32.ActiveCfg = Release|Win32
		{C5F79FB9-17AA-45A6-B779-3DB14BE46AA8}.Release|Win32.Build.0 = Release|Win32
		{C5F79FB9-17AA-45A6-B779-3DB14BE46AA8}.Release|x64.ActiveCfg = Release|x64
		{C5F79FB9-17AA-45A6-B779-3DB14BE46AA8}.Release|x64.Build.0 = Release|x64
		{C5F79FB9-17AA-45A6-B779-3DB14BE46AA8}.VSDebug|Win32.ActiveCfg = VSDebug|Win32
		{C5F79FB9-17AA-45A6-B779-3DB14BE46AA8}.VSDebug|Win32.Build.0 = VSDebug|Win32
		{C5F79FB9-17AA-45A6-B779-3DB14BE46AA8}.VSDebug|x64.ActiveCfg = VSDebug|x64
		{C5F79FB9-17AA-45A6-B779-3DB14BE46AA8}.VSDebug|x64.Build.0 = VSDebug|x64
		{A1401D9F-55A8-4F8B-A79E-969322F90474}.Release|Win32.ActiveCfg = Release|Win32
		{A1401D9F-55A8-4F8B-A79E-969322F90474}.Release|Win32.Build.0 = Release|Win32
		{A1401D9F-55A8-4F8B-A79E-969322F90474}.Release|x64.ActiveCfg = Release|x64
		{A1401D9F-55A8-4F8B-A79E-969322F90474}.Release|x64.Build.0 = Release|x64
		{A1401D9F-55A8-4F8B-A79E-969322F90474}.VSDebug|Win32.ActiveCfg = VSDebug|Win32
		{A1401D9F-55A8-4F8B-A79E-969322F90474}.VSDebug|Win32.Build.0 = VSDebug|Win32
		{A1401D9F-55A8-4F8B-A79E-969322F90474}.VSDebug|x64.ActiveCfg = VSDebug|x64
		{A1401D9F-55A8-4F8B-A79E-969322F90474}.VSDebug|x64.Build.0 = VSDebug|x64
		{B7EB8B08-E339-4E0B-8063-149586A91F3C}.Release|Win32.ActiveCfg = Release|Win32
		{B7EB8B08-E339-4E0B-8063-149586A91F3C}.Release|Win32.Build.0 = Release|Win32
		{B7EB8B08-E339-4E0B-8063-149586A91F3C}.Release|x64.ActiveCfg = Release|x64
		{B7EB8B08-E339-4E0B-8063-149586A91F3C}.Release|x64.Build.0 = Release|x64
		{B7EB8B08-E339-4E0B-8063-149586A91F3C}.VSDebug|Win32.ActiveCfg = VSDebug|Win32
		{B7EB8B08-E339-4E0B-8063-149586A91F3C}.VSDebug|Win32.Build.0 = VSDebug|Win32
		{B7EB8B08-E339-4E0B-8063-149586A91F3C}.VSDebug|x64.ActiveCfg = VSDebug|x64
		{B7EB8B08-E339-4E0B-8063-149586A91F3C}.VSDebug|x64.Build.0 = VSDebug|x64
		{42ECBB04-A2ED-4E50-B2DF-ED488EC60EDA}.Release|Win32.ActiveCfg = Release|Win32
		{42ECBB04-A2ED-4E50-B2DF-ED488EC60EDA}.Release|Win32.Build.0 = Release|Win32
		{42ECBB04-A2ED-4E50-B2DF-ED488EC60EDA}.Release|x64.ActiveCfg = Release|x64
		{42ECBB04-A2ED-4E50-B2DF-ED488EC60EDA}.Release|x64.Build.0 = Release|x64
		{42ECBB04-A2ED-4E50-B2DF-ED488EC60EDA}.VSDebug|Win32.ActiveCfg = VSDebug|Win32
		{42ECBB04-A2ED-4E50-B2DF-ED488EC60EDA}.VSDebug|Win32.Build.0 = VSDebug|Win32
		{42ECBB04-A2ED-4E50-B2DF-ED488EC60EDA}.VSDebug|x64.ActiveCfg = VSDebug|x64
		{42ECBB04-A2ED-4E50-B2DF-ED488EC60EDA}.VSDebug|x64.Build.0 = VSDebug|x64
		{9C5E1120-FA59-4401-822E-A3EFE7D8A983}.Release|Win32.ActiveCfg = Release|Win32
		{9C5E1120-FA59-4401-822E-A3EFE7D8A983}.Release|Win32.Build.0 = Release|Win32
		{9C5E1120-FA59-4401-822E-A3EFE7D8A983}.Release|x64.ActiveCfg = Release|x64
		{9C5E1120-FA59-4401-822E-A3EFE7D8A983}.Release|x64.Build.0 = Release|x64
		{9C5E1120-FA59-4401-822E-A3EFE7D8A983}.VSDebug|Win32.ActiveCfg = VSDebug|Win32
		{9C5E1120-FA59-4401-822E-A3EFE7D8A983}.VSDebug|Win32.Build.0 = VSDebug|Win32
		{9C5E1120-FA59-4401-822E-A3EFE7D8A983}.VSDebug|x64.ActiveCfg = VSDebug|x64
		{9C5E1120-FA59-4401-822E-A3EFE7D8A983}.VSDebug|x64.Build.0 = VSDebug|x64
		{3733B7DA-7F9D-43FF-8647-71435EA097D6}.Release|Win32.ActiveCfg = Release|Win32
		{3733B7DA-7F9D-43FF-8647-71435EA097D6}.Release|Win32.Build.0 = Release|Win32
		{3733B7DA-7F9D-43FF-8647-71435EA097D6}.Release|x64.ActiveCfg = Release|x64
		{3733B7DA-7F9D-43FF-8647-71435EA097D6}.Release|x64.Build.0 = Release|x64
		{3733B7DA-7F9D-43FF-8647-71435EA097D6}.VSDebug|Win32.ActiveCfg = VSDebug|Win32
		{3733B7DA-7F9D-43FF-8647-71435EA097D6}.VSDebug|Win32.Build.0 = VSDebug|Win32
		{3733B7DA-7F9D-43FF-8647-71435EA097D6}.VSDebug|x64.ActiveCfg = VSDebug|x64
		{3733B7DA-7F9D-43FF-8647-71435EA097D6}.VSDebug|x64.Build.0 = VSDebug|x64
		{725C9987-A1CE-404B-836F-4DDCDBFDEA2A}.Release|Win32.ActiveCfg = Release|Win32
		{725C9987-A1CE-404B-836F-4DDCDBFDEA2A}.Release|Win32.Build.0 = Release|Win32
		{725C9987-A1CE-404B-836F-4DDCDBFDEA2A}.Release|x64.ActiveCfg = Release|x64
		{725C9987-A1CE-404B-836F-4DDCDBFDEA2A}.Release|x64.Build.0 = Release|x64
		{725C9987-A1CE-404B-836F-4DDCDBFDEA2A}.VSDebug|Win32.ActiveCfg = VSDebug|Win32
		{725C9987-A1CE-404B-836F-4DDCDBFDEA2A}.VSDebug|Win32.Build.0 = VSDebug|Win32
		{725C9987-A1CE-404B-836F-4DDCDBFDEA2A}.VSDebug|x64.ActiveCfg = VSDebug|x64
		{725C9987-A1CE-404B-836F-4DDCDBFDEA2A}.VSDebug|x64.Build.0 = VSDebug|x64
		{A7545354-5D50-49F6-A3D0-1F97F6228955}.Release|Win32.ActiveCfg = Release|Win32
		{A7545354-5D50-49F6-A3D0-1F97F6228955}.Release|Win32.Build.0 = Release|Win32
		{A7545354-5D50-49F6-A3D0-1F97F6228955}.Release|x64.ActiveCfg = Release|x64
		{A7545354-5D50-49F6-A3D0-1F97F6228955}.Release|x64.Build.0 = Release|x64
		{A7545354-5D50-49F6-A3D0-1F97F6228955}.VSDebug|Win32.ActiveCfg = VSDebug|Win32
		{A7545354-5D50-49F6-A3D0-1F97F6228955}.VSDebug|Win32.Build.0 = VSDebug|Win32
		{A7545354-5D50-49F6-A3D0-1F97F6228955}.VSDebug|x64.ActiveCfg = VSDebug|x64
		{A7545354-5D50-49F6-A3D0-1F97F6228955}.VSDebug|x64.Build.0 = VSDebug|x64
		{41CFAFBF-A1C8-4704-AFEF-31979E6452B9}.Release|Win32.ActiveCfg = Release|Win32
		{41CFAFBF-A1C8-4704-AFEF-31979E6452B9}.Release|Win32.Build.0 = Release|Win32
		{41CFAFBF-A1C8-4704-AFEF-31979E6452B9}.Release|x64.ActiveCfg = Release|x64
		{41CFAFBF-A1C8-4704-AFEF-31979E6452B9}.Release|x64.Build.0 = Release|x64
		{41CFAFBF-A1C8-4704-AFEF-31979E6452B9}.VSDebug|Win32.ActiveCfg = VSDebug|Win32
		{41CFAFBF-A1C8-4704-AFEF-31979E6452B9}.VSDebug|Win32.Build.0 = VSDebug|Win32
		{41CFAFBF-A1C8-4704-AFEF-31979E6452B9}.VSDebug|x64.ActiveCfg = VSDebug|x64
		{41CFAFBF-A1C8-4704-AFEF-31979E6452B9}.VSDebug|x64.Build.0 = VSDebug|x64
		{25C60507-39C6-4564-912D-DA2E7482A00F}.Release|Win32.ActiveCfg = Release|Win32
		{25C60507-39C6-4564-912D-DA2E7482A00F}.Release|Win32.Build.0 = Release|Win32
		{25C60507-39C6-4564-912D-DA2E7482A00F}.Release|x64.ActiveCfg = Release|x64
		{25C60507-39C6-4564-912D-DA2E7482A00F}.Release|x64.Build.0 = Release|x64
		{25C60507-39C6-4564-912D-DA2E7482A00F}.VSDebug|Win32.ActiveCfg = VSDebug|Win32
		{25C60507-39C6-4564-912D-DA2E7482A00F}.VSDebug|Win32.Build.0 = VSDebug|Win32
		{25C60507-39C6-4564-912D-DA2E7482A00F}.VSDebug|x64.ActiveCfg = VSDebug|x64
		{25C60507-39C6-4564-912D-DA2E7482A00F}.VSDebug|x64.Build.0 = VSDebug|x64
		{55281F65-00D9-4164-9819-9204543E34C5}.Release|Win32.ActiveCfg = Release|Win32
		{55281F65-00D9-4164-9819-9204543E34C5}.Release|Win32.Build.0 = Release|Win32
		{55281F65-00D9-4164-9819-9204543E34C5}.Release|x64.ActiveCfg = Release|x64
		{55281F65-00D9-4164-9819-9204543E34C5}.Release|x64.Build.0 = Release|x64
		{55281F65-00D9-4164-9819-9204543E34C5}.VSDebug|Win32.ActiveCfg = VSDebug|Win32
		{55281F65-00D9-4164-9819-9204543E34C5}.VSDebug|Win32.Build.0 = VSDebug|Win32
		{55281F65-00D9-4164-9819-9204543E34C5}.VSDebug|x64.ActiveCfg = VSDebug|x64
		{55281F65-00D9-4164-9819-9204543E34C5}.VSDebug|x64.Build.0 = VSDebug|x64
		{B422663F-CB26-4AFA-8E31-B636A2625F29}.Release|Win32.ActiveCfg = Release|Win32
		{B422663F-CB26-4AFA-8E31-B636A2625F29}.Release|Win32.Build.0 = Release|Win32
		{B422663F-CB26-4AFA-8E31-B636A2625F29}.Release|x64.ActiveCfg = Release|x64
		{B422663F-CB26-4AFA-8E31-B636A2625F29}.Release|x64.Build.0 = Release|x64
		{B422663F-CB26-4AFA-8E31-B636A2625F29}.VSDebug|Win32.ActiveCfg = VSDebug|Win32
		{B422663F-CB26-4AFA-8E31-B636A2625F29}.VSDebug|Win32.Build.0 = VSDebug|Win32
		{B422663F-CB26-4AFA-8E31-B636A2625F29}.VSDebug|x64.ActiveCfg = VSDebug|x64
		{B422663F-CB26-4AFA-8E31-B636A2625F29}.VSDebug|x64.Build.0 = VSDebug|x64
		{E4F8DC53-5122-4633-AA07-A49493AA7D61}.Release|Win32.ActiveCfg = Release|Win32
		{E4F8DC53-5122-4633-AA07-A49493AA7D61}.Release|Win32.Build.0 = Release|Win32
		{E4F8DC53-5122-4633-AA07-A49493AA7D61}.Release|x64.ActiveCfg = Release|x64
		{E4F8DC53-5122-4633-AA07-A49493AA7D61}.Release|x64.Build.0 = Release|x64
		{E4F8DC53-5122-4633-AA07-A49493AA7D61}.VSDebug|Win32.ActiveCfg = VSDebug|Win32
		{E4F8DC53-5122-4633-AA07-A49493AA7D61}.VSDebug|Win32.Build.0 = VSDebug|Win32
		{E4F8DC53-5122-4633-AA07-A49493AA7D61}.VSDebug|x64.ActiveCfg = VSDebug|x64
		{E4F8DC53-5122-4633-AA07-A49493AA7D61}.VSDebug|x64.Build.0 = VSDebug|x64
		{73ACE0EA-1776-46E6-98F2-CAC8F19E83AA}.Release|Win32.ActiveCfg = Release|Win32
		{73ACE0EA-1776-46E6-98F2-CAC8F19E83AA}.Release|Win32.Build.0 = Release|Win32
		{73ACE0EA-1776-46E6-98F2-CAC8F19E83AA}.Release|x64.ActiveCfg = Release|x64
		{73ACE0EA-1776-46E6-98F2-CAC8F19E83AA}.Release|x64.Build.0 = Release|x64
		{73ACE0EA-1776-46E6-98F2-CAC8F19E83AA}.VSDebug|Win32.ActiveCfg = VSDebug|Win32
		{73ACE0EA-1776-46E6-98F2-CAC8F19E83AA}.VSDebug|Win32.Build.0 = VSDebug|Win32
		{73ACE0EA-1776-46E6-98F2-CAC8F19E83AA}.VSDebug|x64.ActiveCfg = VSDebug|x64
		{73ACE0EA-1776-46E6-98F2-CAC8F19E83AA}.VSDebug|x64.Build.0 = VSDebug|x64
		{BC27FF34-C859-4A1A-95D6-FC89952E1910}.Release|Win32.ActiveCfg = Release|Win32
		{BC27FF34-C859-4A1A-95D6-FC89952E1910}.Release|Win32.Build.0 = Release|Win32
		{BC27FF34-C859-4A1A-95D6-FC89952E1910}.Release|x64.ActiveCfg = Release|x64
		{BC27FF34-C859-4A1A-95D6-FC89952E1910}.Release|x64.Build.0 = Release|x64
		{BC27FF34-C859-4A1A-95D6-FC89952E1910}.VSDebug|Win32.ActiveCfg = VSDebug|Win32
		{BC27FF34-C859-4A1A-95D6-FC89952E1910}.VSDebug|Win32.Build.0 = VSDebug|Win32
		{BC27FF34-C859-4A1A-95D6-FC89952E1910}.VSDebug|x64.ActiveCfg = VSDebug|x64
		{BC27FF34-C859-4A1A-95D6-FC89952E1910}.VSDebug|x64.Build.0 = VSDebug|x64
		{85005D62-6AA7-4D8A-86CB-4061B23D7C6C}.Release|Win32.ActiveCfg = Release|Win32
		{85005D62-6AA7-4D8A-86CB-4061B23D7C6C}.Release|Win32.Build.0 = Release|Win32
		{85005D62-6AA7-4D8A-86CB-4061B23D7C6C}.Release|x64.ActiveCfg = Release|x64
		{85005D62-6AA7-4D8A-86CB-4061B23D7C6C}.Release|x64.Build.0 = Release|x64
		{85005D62-6AA7-4D8A-86CB-4061B23D7C6C}.VSDebug|Win32.ActiveCfg = VSDebug|Win32
		{85005D62-6AA7-4D8A-86CB-4061B23D7C6C}.VSDebug|Win32.Build.0 = VSDebug|Win32
		{85005D62-6AA7-4D8A-86CB-4061B23D7C6C}.VSDebug|x64.ActiveCfg = VSDebug|x64
		{85005D62-6AA7-4D8A-86CB-4061B23D7C6C}.VSDebug|x64.Build.0 = VSDebug|x64
		{91864B8A-C810-4BF9-BD7D-902484E218C6}.Release|Win32.ActiveCfg = Release|Win32
		{91864B8A-C810-4BF9-BD7D-902484E218C6}.Release|Win32.Build.0 = Release|Win32
		{91864B8A-C810-4BF9-BD7D-902484E218C6}.Release|x64.ActiveCfg = Release|x64
		{91864B8A-C810-4BF9-BD7D-902484E218C6}.Release|x64.Build.0 = Release|x64
		{91864B8A-C810-4BF9-BD7D-902484E218C6}.VSDebug|Win32.ActiveCfg = VSDebug|Win32
		{91864B8A-C810-4BF9-BD7D-902484E218C6}.VSDebug|Win32.Build.0 = VSDebug|Win32
		{91864B8A-C810-4BF9-BD7D-902484E218C6}.VSDebug|x64.ActiveCfg = VSDebug|x64
		{91864B8A-C810-4BF9-BD7D-902484E218C6}.VSDebug|x64.Build.0 = VSDebug|x64
		{2BEFE56F-E06E-4657-A1F0-DF7826063475}.Release|Win32.ActiveCfg = Release|Win32
		{2BEFE56F-E06E-4657-A1F0-DF7826063475}.Release|Win32.Build.0 = Release|Win32
		{2BEFE56F-E06E-4657-A1F0-DF7826063475}.Release|x64.ActiveCfg = Release|x64
		{2BEFE56F-E06E-4657-A1F0-DF7826063475}.Release|x64.Build.0 = Release|x64
		{2BEFE56F-E06E-4657-A1F0-DF7826063475}.VSDebug|Win32.ActiveCfg = VSDebug|Win32
		{2BEFE56F-E06E-4657-A1F0-DF7826063475}.VSDebug|Win32.Build.0 = VSDebug|Win32
		{2BEFE56F-E06E-4657-A1F0-DF7826063475}.VSDebug|x64.ActiveCfg = VSDebug|x64
		{2BEFE56F-E06E-4657-A1F0-DF7826063475}.VSDebug|x64.Build.0 = VSDebug|x64
		{0480F2C1-4643-4798-8F3E-00F843A89490}.Release|Win32.ActiveCfg = Release|Win32
		{0480F2C1-4643-4798-8F3E-00F843A89490}.Release|Win32.Build.0 = Release|Win32
		{0480F2C1-4643-4798-8F3E-00F843A89490}.Release|x64.ActiveCfg = Release|x64
		{0480F2C1-4643-4798-8F3E-00F843A89490}.Release|x64.Build.0 = Release|x64
		{0480F2C1-4643-4798-8F3E-00F843A89490}.VSDebug|Win32.ActiveCfg = VSDebug|Win32
		{0480F2C1-4643-4798-8F3E-00F843A89490}.VSDebug|Win32.Build.0 = VSDebug|Win32
		{0480F2C1-4643-4798-8F3E-00F843A89490}.VSDebug|x64.ActiveCfg = VSDebug|x64
		{0480F2C1-4643-4798-8F3E-00F843A89490}.VSDebug|x64.Build.0 = VSDebug|x64
		{4754374D-9652-4C65-AA85-17AB3D7753E1}.Release|Win32.ActiveCfg = Release|Win32
		{4754374D-9652-4C65-AA85-17AB3D7753E1}.Release|Win32.Build.0 = Release|Win32
		{4754374D-9652-4C65-AA85-17AB3D7753E1}.Release|x64.ActiveCfg = Release|x64
		{4754374D-9652-4C65-AA85-17AB3D7753E1}.Release|x64.Build.0 = Release|x64
		{4754374D-9652-4C65-AA85-17AB3D7753E1}.VSDebug|Win32.ActiveCfg = VSDebug|Win32
		{4754374D-9652-4C65-AA85-17AB3D7753E1}.VSDebug|Win32.Build.0 = VSDebug|Win32
		{4754374D-9652-4C65-AA85-17AB3D7753E1}.VSDebug|x64.ActiveCfg = VSDebug|x64
		{4754374D-9652-4C65-AA85-17AB3D7753E1}.VSDebug|x64.Build.0 = VSDebug|x64
		{6361B4FA-0453-4328-975A-3D4B1AE06D23}.Release|Win32.ActiveCfg = Release|Win32
		{6361B4FA-0453-4328-975A-3D4B1AE06D23}.Release|Win32.Build.0 = Release|Win32
		{6361B4FA-0453-4328-975A-3D4B1AE06D23}.Release|x64.ActiveCfg = Release|x64
		{6361B4FA-0453-4328-975A-3D4B1AE06D23}.Release|x64.Build.0 = Release|x64
		{6361B4FA-0453-4328-975A-3D4B1AE06D23}.VSDebug|Win32.ActiveCfg = VSDebug|Win32
		{6361B4FA-0453-4328-975A-3D4B1AE06D23}.VSDebug|Win32.Build.0 = VSDebug|Win32
		{6361B4FA-0453-4328-975A-3D4B1AE06D23}.VSDebug|x64.ActiveCfg = VSDebug|x64
		{6361B4FA-0453-4328-975A-3D4B1AE06D23}.VSDebug|x64.Build.0 = VSDebug|x64
		{54B1C6A5-3435-4034-A293-CB8ADFB9D713}.Release|Win32.ActiveCfg = Release|Win32
		{54B1C6A5-3435-4034-A293-CB8ADFB9D713}.Release|Win32.Build.0 = Release|Win32
		{54B1C6A5-3435-4034-A293-CB8ADFB9D713}.Release|x64.ActiveCfg = Release|x64
		{54B1C6A5-3435-4034-A293-CB8ADFB9D713}.Release|x64.Build.0 = Release|x64
		{54B1C6A5-3435-4034-A293-CB8ADFB9D713}.VSDebug|Win32.ActiveCfg = VSDebug|Win32
		{54B1C6A5-3435-4034-A293-CB8ADFB9D713}.VSDebug|Win32.Build.0 = VSDebug|Win32
		{54B1C6A5-3435-4034-A293-CB8ADFB9D713}.VSDebug|x64.ActiveCfg = VSDebug|x64
		{54B1C6A5-3435-4034-A293-CB8ADFB9D713}.VSDebug|x64.Build.0 = VSDebug|x64
	EndGlobalSection
	GlobalSection(SolutionProperties) = preSolution
		HideSolutionNode = FALSE
	EndGlobalSection
	GlobalSection(ExtensibilityGlobals) = postSolution
		SolutionGuid = {11865448-704F-4F16-97DC-EF1AA0AB35BB}
	EndGlobalSection
EndGlobal
